lockfileVersion: '9.0'

settings:
  autoInstallPeers: true
  excludeLinksFromLockfile: false

importers:

  .:
    dependencies:
      unconfig:
        specifier: ^7.0.0
        version: 7.0.0

packages:

  '@antfu/utils@8.1.1':
    resolution: {integrity: sha512-Mex9nXf9vR6AhcXmMrlz/HVgYYZpVGJ6YlPgwl7UnaFpnshXs6EK/oa5Gpf3CzENMjkvEx2tQtntGnb7UtSTOQ==}

  defu@6.1.4:
    resolution: {integrity: sha512-mEQCMmwJu317oSz8CwdIOdwf3xMif1ttiM8LTufzc3g6kR+9Pe236twL8j3IYT1F7GfRgGcW6MWxzZjLIkuHIg==}

  jiti@2.4.2:
    resolution: {integrity: sha512-rg9zJN+G4n2nfJl5MW3BMygZX56zKPNVEYYqq7adpmMh4Jn2QNEwhvQlFy6jPVdcod7txZtKHWnyZiA3a0zP7A==}
    hasBin: true

  unconfig@7.0.0:
    resolution: {integrity: sha512-G5CJSoG6ZTxgzCJblEfgpdRK2tos9+UdD2WtecDUVfImzQ0hFjwpH5RVvGMhP4pRpC9ML7NrC4qBsBl0Ttj35A==}

snapshots:

  '@antfu/utils@8.1.1': {}

  defu@6.1.4: {}

  jiti@2.4.2: {}

  unconfig@7.0.0:
    dependencies:
      '@antfu/utils': 8.1.1
      defu: 6.1.4
      jiti: 2.4.2
